
Microsoft Visual Studio Solution File, Format Version 12.00
# Visual Studio Version 17
VisualStudioVersion = 17.13.35806.99 d17.13
MinimumVisualStudioVersion = 10.0.40219.1
Project("{FAE04EC0-301F-11D3-BF4B-00C04F79EFBC}") = "OCAK1", "OCAK1.csproj", "{F39ED71C-C448-48AF-ABBA-97FB93674698}"
EndProject
Global
	GlobalSection(SolutionConfigurationPlatforms) = preSolution
		Debug|Any CPU = Debug|Any CPU
		Release|Any CPU = Release|Any CPU
	EndGlobalSection
	GlobalSection(ProjectConfigurationPlatforms) = postSolution
		{F39ED71C-C448-48AF-ABBA-97FB93674698}.Debug|Any CPU.ActiveCfg = Debug|Any CPU
		{F39ED71C-C448-48AF-ABBA-97FB93674698}.Debug|Any CPU.Build.0 = Debug|Any CPU
		{F39ED71C-C448-48AF-ABBA-97FB93674698}.Release|Any CPU.ActiveCfg = Release|Any CPU
		{F39ED71C-C448-48AF-ABBA-97FB93674698}.Release|Any CPU.Build.0 = Release|Any CPU
	EndGlobalSection
	GlobalSection(SolutionProperties) = preSolution
		HideSolutionNode = FALSE
	EndGlobalSection
	GlobalSection(ExtensibilityGlobals) = postSolution
		SolutionGuid = {66F41417-7A78-471A-9EA1-C82666B96585}
	EndGlobalSection
EndGlobal
